
Microsoft Visual Studio Solution File, Format Version 12.00
# Visual Studio Version 17
VisualStudioVersion = 17.0.31903.59
MinimumVisualStudioVersion = 10.0.40219.1
Project("{FAE04EC0-301F-11D3-BF4B-00C04F79EFBC}") = "console-test", "console-test\console-test.csproj", "{8449A148-4FA1-4E48-9E76-7F5DDA640AE9}"
EndProject
Project("{2150E333-8FDC-42A3-9474-1A3956D46DE8}") = "notes", "notes", "{EBEDFC88-FB22-4B73-BC3A-FEFA0A71605E}"
	ProjectSection(SolutionItems) = preProject
		1807-scrum.txt = 1807-scrum.txt
	EndProjectSection
EndProject
Global
	GlobalSection(SolutionConfigurationPlatforms) = preSolution
		Debug|Any CPU = Debug|Any CPU
		Release|Any CPU = Release|Any CPU
	EndGlobalSection
	GlobalSection(ProjectConfigurationPlatforms) = postSolution
		{8449A148-4FA1-4E48-9E76-7F5DDA640AE9}.Debug|Any CPU.ActiveCfg = Debug|Any CPU
		{8449A148-4FA1-4E48-9E76-7F5DDA640AE9}.Debug|Any CPU.Build.0 = Debug|Any CPU
		{8449A148-4FA1-4E48-9E76-7F5DDA640AE9}.Release|Any CPU.ActiveCfg = Release|Any CPU
		{8449A148-4FA1-4E48-9E76-7F5DDA640AE9}.Release|Any CPU.Build.0 = Release|Any CPU
	EndGlobalSection
	GlobalSection(SolutionProperties) = preSolution
		HideSolutionNode = FALSE
	EndGlobalSection
EndGlobal
